// !$*UTF8*$!
{
	archiveVersion = 1;
	classes = {
	};
	objectVersion = 55;
	objects = {

/* Begin PBXBuildFile section */
		908EF25D273FCD9000A5F66C /* _your_project_name_App.swift in Sources */ = {isa = PBXBuildFile; fileRef = 908EF25C273FCD9000A5F66C /* _your_project_name_App.swift */; };
		908EF25F273FCD9000A5F66C /* ContentView.swift in Sources */ = {isa = PBXBuildFile; fileRef = 908EF25E273FCD9000A5F66C /* ContentView.swift */; };
		908EF261273FCD9100A5F66C /* Assets.xcassets in Resources */ = {isa = PBXBuildFile; fileRef = 908EF260273FCD9100A5F66C /* Assets.xcassets */; };
		908EF264273FCD9100A5F66C /* Preview Assets.xcassets in Resources */ = {isa = PBXBuildFile; fileRef = 908EF263273FCD9100A5F66C /* Preview Assets.xcassets */; };
		908EF26E273FCD9100A5F66C /* _your_project_name_Tests.swift in Sources */ = {isa = PBXBuildFile; fileRef = 908EF26D273FCD9100A5F66C /* _your_project_name_Tests.swift */; };
		908EF278273FCD9100A5F66C /* _your_project_name_UITests.swift in Sources */ = {isa = PBXBuildFile; fileRef = 908EF277273FCD9100A5F66C /* _your_project_name_UITests.swift */; };
		908EF27A273FCD9100A5F66C /* _your_project_name_UITestsLaunchTests.swift in Sources */ = {isa = PBXBuildFile; fileRef = 908EF279273FCD9100A5F66C /* _your_project_name_UITestsLaunchTests.swift */; };
/* End PBXBuildFile section */

/* Begin PBXContainerItemProxy section */
		908EF26A273FCD9100A5F66C /* PBXContainerItemProxy */ = {
			isa = PBXContainerItemProxy;
			containerPortal = 908EF251273FCD9000A5F66C /* Project object */;
			proxyType = 1;
			remoteGlobalIDString = 908EF258273FCD9000A5F66C;
			remoteInfo = "<your project name>";
		};
		908EF274273FCD9100A5F66C /* PBXContainerItemProxy */ = {
			isa = PBXContainerItemProxy;
			containerPortal = 908EF251273FCD9000A5F66C /* Project object */;
			proxyType = 1;
			remoteGlobalIDString = 908EF258273FCD9000A5F66C;
			remoteInfo = "<your project name>";
		};
/* End PBXContainerItemProxy section */

/* Begin PBXFileReference section */
		908EF259273FCD9000A5F66C /* <your project name>.app */ = {isa = PBXFileReference; explicitFileType = wrapper.application; includeInIndex = 0; path = "<your project name>.app"; sourceTree = BUILT_PRODUCTS_DIR; };
		908EF25C273FCD9000A5F66C /* _your_project_name_App.swift */ = {isa = PBXFileReference; lastKnownFileType = sourcecode.swift; path = _your_project_name_App.swift; sourceTree = "<group>"; };
		908EF25E273FCD9000A5F66C /* ContentView.swift */ = {isa = PBXFileReference; lastKnownFileType = sourcecode.swift; path = ContentView.swift; sourceTree = "<group>"; };
		908EF260273FCD9100A5F66C /* Assets.xcassets */ = {isa = PBXFileReference; lastKnownFileType = folder.assetcatalog; path = Assets.xcassets; sourceTree = "<group>"; };
		908EF263273FCD9100A5F66C /* Preview Assets.xcassets */ = {isa = PBXFileReference; lastKnownFileType = folder.assetcatalog; path = "Preview Assets.xcassets"; sourceTree = "<group>"; };
		908EF269273FCD9100A5F66C /* <your project name>Tests.xctest */ = {isa = PBXFileReference; explicitFileType = wrapper.cfbundle; includeInIndex = 0; path = "<your project name>Tests.xctest"; sourceTree = BUILT_PRODUCTS_DIR; };
		908EF26D273FCD9100A5F66C /* _your_project_name_Tests.swift */ = {isa = PBXFileReference; lastKnownFileType = sourcecode.swift; path = _your_project_name_Tests.swift; sourceTree = "<group>"; };
		908EF273273FCD9100A5F66C /* <your project name>UITests.xctest */ = {isa = PBXFileReference; explicitFileType = wrapper.cfbundle; includeInIndex = 0; path = "<your project name>UITests.xctest"; sourceTree = BUILT_PRODUCTS_DIR; };
		908EF277273FCD9100A5F66C /* _your_project_name_UITests.swift */ = {isa = PBXFileReference; lastKnownFileType = sourcecode.swift; path = _your_project_name_UITests.swift; sourceTree = "<group>"; };
		908EF279273FCD9100A5F66C /* _your_project_name_UITestsLaunchTests.swift */ = {isa = PBXFileReference; lastKnownFileType = sourcecode.swift; path = _your_project_name_UITestsLaunchTests.swift; sourceTree = "<group>"; };
/* End PBXFileReference section */

/* Begin PBXFrameworksBuildPhase section */
		908EF256273FCD9000A5F66C /* Frameworks */ = {
			isa = PBXFrameworksBuildPhase;
			buildActionMask = 2147483647;
			files = (
			);
			runOnlyForDeploymentPostprocessing = 0;
		};
		908EF266273FCD9100A5F66C /* Frameworks */ = {
			isa = PBXFrameworksBuildPhase;
			buildActionMask = 2147483647;
			files = (
			);
			runOnlyForDeploymentPostprocessing = 0;
		};
		908EF270273FCD9100A5F66C /* Frameworks */ = {
			isa = PBXFrameworksBuildPhase;
			buildActionMask = 2147483647;
			files = (
			);
			runOnlyForDeploymentPostprocessing = 0;
		};
/* End PBXFrameworksBuildPhase section */

/* Begin PBXGroup section */
		908EF250273FCD9000A5F66C = {
			isa = PBXGroup;
			children = (
				908EF25B273FCD9000A5F66C /* <your project name> */,
				908EF26C273FCD9100A5F66C /* <your project name>Tests */,
				908EF276273FCD9100A5F66C /* <your project name>UITests */,
				908EF25A273FCD9000A5F66C /* Products */,
			);
			sourceTree = "<group>";
		};
		908EF25A273FCD9000A5F66C /* Products */ = {
			isa = PBXGroup;
			children = (
				908EF259273FCD9000A5F66C /* <your project name>.app */,
				908EF269273FCD9100A5F66C /* <your project name>Tests.xctest */,
				908EF273273FCD9100A5F66C /* <your project name>UITests.xctest */,
			);
			name = Products;
			sourceTree = "<group>";
		};
		908EF25B273FCD9000A5F66C /* <your project name> */ = {
			isa = PBXGroup;
			children = (
				908EF25C273FCD9000A5F66C /* _your_project_name_App.swift */,
				908EF25E273FCD9000A5F66C /* ContentView.swift */,
				908EF260273FCD9100A5F66C /* Assets.xcassets */,
				908EF262273FCD9100A5F66C /* Preview Content */,
			);
			path = "<your project name>";
			sourceTree = "<group>";
		};
		908EF262273FCD9100A5F66C /* Preview Content */ = {
			isa = PBXGroup;
			children = (
				908EF263273FCD9100A5F66C /* Preview Assets.xcassets */,
			);
			path = "Preview Content";
			sourceTree = "<group>";
		};
		908EF26C273FCD9100A5F66C /* <your project name>Tests */ = {
			isa = PBXGroup;
			children = (
				908EF26D273FCD9100A5F66C /* _your_project_name_Tests.swift */,
			);
			path = "<your project name>Tests";
			sourceTree = "<group>";
		};
		908EF276273FCD9100A5F66C /* <your project name>UITests */ = {
			isa = PBXGroup;
			children = (
				908EF277273FCD9100A5F66C /* _your_project_name_UITests.swift */,
				908EF279273FCD9100A5F66C /* _your_project_name_UITestsLaunchTests.swift */,
			);
			path = "<your project name>UITests";
			sourceTree = "<group>";
		};
/* End PBXGroup section */

/* Begin PBXNativeTarget section */
		908EF258273FCD9000A5F66C /* <your project name> */ = {
			isa = PBXNativeTarget;
			buildConfigurationList = 908EF27D273FCD9100A5F66C /* Build configuration list for PBXNativeTarget "<your project name>" */;
			buildPhases = (
				908EF255273FCD9000A5F66C /* Sources */,
				908EF256273FCD9000A5F66C /* Frameworks */,
				908EF257273FCD9000A5F66C /* Resources */,
			);
			buildRules = (
			);
			dependencies = (
			);
			name = "<your project name>";
			productName = "<your project name>";
			productReference = 908EF259273FCD9000A5F66C /* <your project name>.app */;
			productType = "com.apple.product-type.application";
		};
		908EF268273FCD9100A5F66C /* <your project name>Tests */ = {
			isa = PBXNativeTarget;
			buildConfigurationList = 908EF280273FCD9100A5F66C /* Build configuration list for PBXNativeTarget "<your project name>Tests" */;
			buildPhases = (
				908EF265273FCD9100A5F66C /* Sources */,
				908EF266273FCD9100A5F66C /* Frameworks */,
				908EF267273FCD9100A5F66C /* Resources */,
			);
			buildRules = (
			);
			dependencies = (
				908EF26B273FCD9100A5F66C /* PBXTargetDependency */,
			);
			name = "<your project name>Tests";
			productName = "<your project name>Tests";
			productReference = 908EF269273FCD9100A5F66C /* <your project name>Tests.xctest */;
			productType = "com.apple.product-type.bundle.unit-test";
		};
		908EF272273FCD9100A5F66C /* <your project name>UITests */ = {
			isa = PBXNativeTarget;
			buildConfigurationList = 908EF283273FCD9100A5F66C /* Build configuration list for PBXNativeTarget "<your project name>UITests" */;
			buildPhases = (
				908EF26F273FCD9100A5F66C /* Sources */,
				908EF270273FCD9100A5F66C /* Frameworks */,
				908EF271273FCD9100A5F66C /* Resources */,
			);
			buildRules = (
			);
			dependencies = (
				908EF275273FCD9100A5F66C /* PBXTargetDependency */,
			);
			name = "<your project name>UITests";
			productName = "<your project name>UITests";
			productReference = 908EF273273FCD9100A5F66C /* <your project name>UITests.xctest */;
			productType = "com.apple.product-type.bundle.ui-testing";
		};
/* End PBXNativeTarget section */

/* Begin PBXProject section */
		908EF251273FCD9000A5F66C /* Project object */ = {
			isa = PBXProject;
			attributes = {
				BuildIndependentTargetsInParallel = 1;
				LastSwiftUpdateCheck = 1310;
				LastUpgradeCheck = 1310;
				TargetAttributes = {
					908EF258273FCD9000A5F66C = {
						CreatedOnToolsVersion = 13.1;
					};
					908EF268273FCD9100A5F66C = {
						CreatedOnToolsVersion = 13.1;
						TestTargetID = 908EF258273FCD9000A5F66C;
					};
					908EF272273FCD9100A5F66C = {
						CreatedOnToolsVersion = 13.1;
						TestTargetID = 908EF258273FCD9000A5F66C;
					};
				};
			};
			buildConfigurationList = 908EF254273FCD9000A5F66C /* Build configuration list for PBXProject "<your project name>" */;
			compatibilityVersion = "Xcode 13.0";
			developmentRegion = en;
			hasScannedForEncodings = 0;
			knownRegions = (
				en,
				Base,
			);
			mainGroup = 908EF250273FCD9000A5F66C;
			productRefGroup = 908EF25A273FCD9000A5F66C /* Products */;
			projectDirPath = "";
			projectRoot = "";
			targets = (
				908EF258273FCD9000A5F66C /* <your project name> */,
				908EF268273FCD9100A5F66C /* <your project name>Tests */,
				908EF272273FCD9100A5F66C /* <your project name>UITests */,
			);
		};
/* End PBXProject section */

/* Begin PBXResourcesBuildPhase section */
		908EF257273FCD9000A5F66C /* Resources */ = {
			isa = PBXResourcesBuildPhase;
			buildActionMask = 2147483647;
			files = (
				908EF264273FCD9100A5F66C /* Preview Assets.xcassets in Resources */,
				908EF261273FCD9100A5F66C /* Assets.xcassets in Resources */,
			);
			runOnlyForDeploymentPostprocessing = 0;
		};
		908EF267273FCD9100A5F66C /* Resources */ = {
			isa = PBXResourcesBuildPhase;
			buildActionMask = 2147483647;
			files = (
			);
			runOnlyForDeploymentPostprocessing = 0;
		};
		908EF271273FCD9100A5F66C /* Resources */ = {
			isa = PBXResourcesBuildPhase;
			buildActionMask = 2147483647;
			files = (
			);
			runOnlyForDeploymentPostprocessing = 0;
		};
/* End PBXResourcesBuildPhase section */

/* Begin PBXSourcesBuildPhase section */
		908EF255273FCD9000A5F66C /* Sources */ = {
			isa = PBXSourcesBuildPhase;
			buildActionMask = 2147483647;
			files = (
				908EF25F273FCD9000A5F66C /* ContentView.swift in Sources */,
				908EF25D273FCD9000A5F66C /* _your_project_name_App.swift in Sources */,
			);
			runOnlyForDeploymentPostprocessing = 0;
		};
		908EF265273FCD9100A5F66C /* Sources */ = {
			isa = PBXSourcesBuildPhase;
			buildActionMask = 2147483647;
			files = (
				908EF26E273FCD9100A5F66C /* _your_project_name_Tests.swift in Sources */,
			);
			runOnlyForDeploymentPostprocessing = 0;
		};
		908EF26F273FCD9100A5F66C /* Sources */ = {
			isa = PBXSourcesBuildPhase;
			buildActionMask = 2147483647;
			files = (
				908EF27A273FCD9100A5F66C /* _your_project_name_UITestsLaunchTests.swift in Sources */,
				908EF278273FCD9100A5F66C /* _your_project_name_UITests.swift in Sources */,
			);
			runOnlyForDeploymentPostprocessing = 0;
		};
/* End PBXSourcesBuildPhase section */

/* Begin PBXTargetDependency section */
		908EF26B273FCD9100A5F66C /* PBXTargetDependency */ = {
			isa = PBXTargetDependency;
			target = 908EF258273FCD9000A5F66C /* <your project name> */;
			targetProxy = 908EF26A273FCD9100A5F66C /* PBXContainerItemProxy */;
		};
		908EF275273FCD9100A5F66C /* PBXTargetDependency */ = {
			isa = PBXTargetDependency;
			target = 908EF258273FCD9000A5F66C /* <your project name> */;
			targetProxy = 908EF274273FCD9100A5F66C /* PBXContainerItemProxy */;
		};
/* End PBXTargetDependency section */

/* Begin XCBuildConfiguration section */
		908EF27B273FCD9100A5F66C /* Debug */ = {
			isa = XCBuildConfiguration;
			buildSettings = {
				ALWAYS_SEARCH_USER_PATHS = NO;
				CLANG_ANALYZER_NONNULL = YES;
				CLANG_ANALYZER_NUMBER_OBJECT_CONVERSION = YES_AGGRESSIVE;
				CLANG_CXX_LANGUAGE_STANDARD = "gnu++17";
				CLANG_CXX_LIBRARY = "libc++";
				CLANG_ENABLE_MODULES = YES;
				CLANG_ENABLE_OBJC_ARC = YES;
				CLANG_ENABLE_OBJC_WEAK = YES;
				CLANG_WARN_BLOCK_CAPTURE_AUTORELEASING = YES;
				CLANG_WARN_BOOL_CONVERSION = YES;
				CLANG_WARN_COMMA = YES;
				CLANG_WARN_CONSTANT_CONVERSION = YES;
				CLANG_WARN_DEPRECATED_OBJC_IMPLEMENTATIONS = YES;
				CLANG_WARN_DIRECT_OBJC_ISA_USAGE = YES_ERROR;
				CLANG_WARN_DOCUMENTATION_COMMENTS = YES;
				CLANG_WARN_EMPTY_BODY = YES;
				CLANG_WARN_ENUM_CONVERSION = YES;
				CLANG_WARN_INFINITE_RECURSION = YES;
				CLANG_WARN_INT_CONVERSION = YES;
				CLANG_WARN_NON_LITERAL_NULL_CONVERSION = YES;
				CLANG_WARN_OBJC_IMPLICIT_RETAIN_SELF = YES;
				CLANG_WARN_OBJC_LITERAL_CONVERSION = YES;
				CLANG_WARN_OBJC_ROOT_CLASS = YES_ERROR;
				CLANG_WARN_QUOTED_INCLUDE_IN_FRAMEWORK_HEADER = YES;
				CLANG_WARN_RANGE_LOOP_ANALYSIS = YES;
				CLANG_WARN_STRICT_PROTOTYPES = YES;
				CLANG_WARN_SUSPICIOUS_MOVE = YES;
				CLANG_WARN_UNGUARDED_AVAILABILITY = YES_AGGRESSIVE;
				CLANG_WARN_UNREACHABLE_CODE = YES;
				CLANG_WARN__DUPLICATE_METHOD_MATCH = YES;
				COPY_PHASE_STRIP = NO;
				DEBUG_INFORMATION_FORMAT = dwarf;
				ENABLE_STRICT_OBJC_MSGSEND = YES;
				ENABLE_TESTABILITY = YES;
				GCC_C_LANGUAGE_STANDARD = gnu11;
				GCC_DYNAMIC_NO_PIC = NO;
				GCC_NO_COMMON_BLOCKS = YES;
				GCC_OPTIMIZATION_LEVEL = 0;
				GCC_PREPROCESSOR_DEFINITIONS = (
					"DEBUG=1",
					"$(inherited)",
				);
				GCC_WARN_64_TO_32_BIT_CONVERSION = YES;
				GCC_WARN_ABOUT_RETURN_TYPE = YES_ERROR;
				GCC_WARN_UNDECLARED_SELECTOR = YES;
				GCC_WARN_UNINITIALIZED_AUTOS = YES_AGGRESSIVE;
				GCC_WARN_UNUSED_FUNCTION = YES;
				GCC_WARN_UNUSED_VARIABLE = YES;
				IPHONEOS_DEPLOYMENT_TARGET = 15.0;
				MTL_ENABLE_DEBUG_INFO = INCLUDE_SOURCE;
				MTL_FAST_MATH = YES;
				ONLY_ACTIVE_ARCH = YES;
				SDKROOT = iphoneos;
				SWIFT_ACTIVE_COMPILATION_CONDITIONS = DEBUG;
				SWIFT_OPTIMIZATION_LEVEL = "-Onone";
			};
			name = Debug;
		};
		908EF27C273FCD9100A5F66C /* Release */ = {
			isa = XCBuildConfiguration;
			buildSettings = {
				ALWAYS_SEARCH_USER_PATHS = NO;
				CLANG_ANALYZER_NONNULL = YES;
				CLANG_ANALYZER_NUMBER_OBJECT_CONVERSION = YES_AGGRESSIVE;
				CLANG_CXX_LANGUAGE_STANDARD = "gnu++17";
				CLANG_CXX_LIBRARY = "libc++";
				CLANG_ENABLE_MODULES = YES;
				CLANG_ENABLE_OBJC_ARC = YES;
				CLANG_ENABLE_OBJC_WEAK = YES;
				CLANG_WARN_BLOCK_CAPTURE_AUTORELEASING = YES;
				CLANG_WARN_BOOL_CONVERSION = YES;
				CLANG_WARN_COMMA = YES;
				CLANG_WARN_CONSTANT_CONVERSION = YES;
				CLANG_WARN_DEPRECATED_OBJC_IMPLEMENTATIONS = YES;
				CLANG_WARN_DIRECT_OBJC_ISA_USAGE = YES_ERROR;
				CLANG_WARN_DOCUMENTATION_COMMENTS = YES;
				CLANG_WARN_EMPTY_BODY = YES;
				CLANG_WARN_ENUM_CONVERSION = YES;
				CLANG_WARN_INFINITE_RECURSION = YES;
				CLANG_WARN_INT_CONVERSION = YES;
				CLANG_WARN_NON_LITERAL_NULL_CONVERSION = YES;
				CLANG_WARN_OBJC_IMPLICIT_RETAIN_SELF = YES;
				CLANG_WARN_OBJC_LITERAL_CONVERSION = YES;
				CLANG_WARN_OBJC_ROOT_CLASS = YES_ERROR;
				CLANG_WARN_QUOTED_INCLUDE_IN_FRAMEWORK_HEADER = YES;
				CLANG_WARN_RANGE_LOOP_ANALYSIS = YES;
				CLANG_WARN_STRICT_PROTOTYPES = YES;
				CLANG_WARN_SUSPICIOUS_MOVE = YES;
				CLANG_WARN_UNGUARDED_AVAILABILITY = YES_AGGRESSIVE;
				CLANG_WARN_UNREACHABLE_CODE = YES;
				CLANG_WARN__DUPLICATE_METHOD_MATCH = YES;
				COPY_PHASE_STRIP = NO;
				DEBUG_INFORMATION_FORMAT = "dwarf-with-dsym";
				ENABLE_NS_ASSERTIONS = NO;
				ENABLE_STRICT_OBJC_MSGSEND = YES;
				GCC_C_LANGUAGE_STANDARD = gnu11;
				GCC_NO_COMMON_BLOCKS = YES;
				GCC_WARN_64_TO_32_BIT_CONVERSION = YES;
				GCC_WARN_ABOUT_RETURN_TYPE = YES_ERROR;
				GCC_WARN_UNDECLARED_SELECTOR = YES;
				GCC_WARN_UNINITIALIZED_AUTOS = YES_AGGRESSIVE;
				GCC_WARN_UNUSED_FUNCTION = YES;
				GCC_WARN_UNUSED_VARIABLE = YES;
				IPHONEOS_DEPLOYMENT_TARGET = 15.0;
				MTL_ENABLE_DEBUG_INFO = NO;
				MTL_FAST_MATH = YES;
				SDKROOT = iphoneos;
				SWIFT_COMPILATION_MODE = wholemodule;
				SWIFT_OPTIMIZATION_LEVEL = "-O";
				VALIDATE_PRODUCT = YES;
			};
			name = Release;
		};
		908EF27E273FCD9100A5F66C /* Debug */ = {
			isa = XCBuildConfiguration;
			buildSettings = {
				ASSETCATALOG_COMPILER_APPICON_NAME = AppIcon;
				ASSETCATALOG_COMPILER_GLOBAL_ACCENT_COLOR_NAME = AccentColor;
				CODE_SIGN_STYLE = Automatic;
				CURRENT_PROJECT_VERSION = 1;
				DEVELOPMENT_ASSET_PATHS = "\"<your project name>/Preview Content\"";
				DEVELOPMENT_TEAM = H4NW3RCM58;
				ENABLE_PREVIEWS = YES;
				GENERATE_INFOPLIST_FILE = YES;
				INFOPLIST_KEY_UIApplicationSceneManifest_Generation = YES;
				INFOPLIST_KEY_UIApplicationSupportsIndirectInputEvents = YES;
				INFOPLIST_KEY_UILaunchScreen_Generation = YES;
				INFOPLIST_KEY_UISupportedInterfaceOrientations_iPad = "UIInterfaceOrientationPortrait UIInterfaceOrientationPortraitUpsideDown UIInterfaceOrientationLandscapeLeft UIInterfaceOrientationLandscapeRight";
				INFOPLIST_KEY_UISupportedInterfaceOrientations_iPhone = "UIInterfaceOrientationPortrait UIInterfaceOrientationLandscapeLeft UIInterfaceOrientationLandscapeRight";
				LD_RUNPATH_SEARCH_PATHS = (
					"$(inherited)",
					"@executable_path/Frameworks",
				);
				MARKETING_VERSION = 1.0;
				PRODUCT_BUNDLE_IDENTIFIER = "daftware.-your-project-name-";
				PRODUCT_NAME = "$(TARGET_NAME)";
				SWIFT_EMIT_LOC_STRINGS = YES;
				SWIFT_VERSION = 5.0;
				TARGETED_DEVICE_FAMILY = "1,2";
			};
			name = Debug;
		};
		908EF27F273FCD9100A5F66C /* Release */ = {
			isa = XCBuildConfiguration;
			buildSettings = {
				ASSETCATALOG_COMPILER_APPICON_NAME = AppIcon;
				ASSETCATALOG_COMPILER_GLOBAL_ACCENT_COLOR_NAME = AccentColor;
				CODE_SIGN_STYLE = Automatic;
				CURRENT_PROJECT_VERSION = 1;
				DEVELOPMENT_ASSET_PATHS = "\"<your project name>/Preview Content\"";
				DEVELOPMENT_TEAM = H4NW3RCM58;
				ENABLE_PREVIEWS = YES;
				GENERATE_INFOPLIST_FILE = YES;
				INFOPLIST_KEY_UIApplicationSceneManifest_Generation = YES;
				INFOPLIST_KEY_UIApplicationSupportsIndirectInputEvents = YES;
				INFOPLIST_KEY_UILaunchScreen_Generation = YES;
				INFOPLIST_KEY_UISupportedInterfaceOrientations_iPad = "UIInterfaceOrientationPortrait UIInterfaceOrientationPortraitUpsideDown UIInterfaceOrientationLandscapeLeft UIInterfaceOrientationLandscapeRight";
				INFOPLIST_KEY_UISupportedInterfaceOrientations_iPhone = "UIInterfaceOrientationPortrait UIInterfaceOrientationLandscapeLeft UIInterfaceOrientationLandscapeRight";
				LD_RUNPATH_SEARCH_PATHS = (
					"$(inherited)",
					"@executable_path/Frameworks",
				);
				MARKETING_VERSION = 1.0;
				PRODUCT_BUNDLE_IDENTIFIER = "daftware.-your-project-name-";
				PRODUCT_NAME = "$(TARGET_NAME)";
				SWIFT_EMIT_LOC_STRINGS = YES;
				SWIFT_VERSION = 5.0;
				TARGETED_DEVICE_FAMILY = "1,2";
			};
			name = Release;
		};
		908EF281273FCD9100A5F66C /* Debug */ = {
			isa = XCBuildConfiguration;
			buildSettings = {
				ALWAYS_EMBED_SWIFT_STANDARD_LIBRARIES = YES;
				BUNDLE_LOADER = "$(TEST_HOST)";
				CODE_SIGN_STYLE = Automatic;
				CURRENT_PROJECT_VERSION = 1;
				DEVELOPMENT_TEAM = H4NW3RCM58;
				GENERATE_INFOPLIST_FILE = YES;
				IPHONEOS_DEPLOYMENT_TARGET = 15.0;
				LD_RUNPATH_SEARCH_PATHS = (
					"$(inherited)",
					"@executable_path/Frameworks",
					"@loader_path/Frameworks",
				);
				MARKETING_VERSION = 1.0;
				PRODUCT_BUNDLE_IDENTIFIER = "daftware.-your-project-name-Tests";
				PRODUCT_NAME = "$(TARGET_NAME)";
				SWIFT_EMIT_LOC_STRINGS = NO;
				SWIFT_VERSION = 5.0;
				TARGETED_DEVICE_FAMILY = "1,2";
				TEST_HOST = "$(BUILT_PRODUCTS_DIR)/<your project name>.app/<your project name>";
			};
			name = Debug;
		};
		908EF282273FCD9100A5F66C /* Release */ = {
			isa = XCBuildConfiguration;
			buildSettings = {
				ALWAYS_EMBED_SWIFT_STANDARD_LIBRARIES = YES;
				BUNDLE_LOADER = "$(TEST_HOST)";
				CODE_SIGN_STYLE = Automatic;
				CURRENT_PROJECT_VERSION = 1;
				DEVELOPMENT_TEAM = H4NW3RCM58;
				GENERATE_INFOPLIST_FILE = YES;
				IPHONEOS_DEPLOYMENT_TARGET = 15.0;
				LD_RUNPATH_SEARCH_PATHS = (
					"$(inherited)",
					"@executable_path/Frameworks",
					"@loader_path/Frameworks",
				);
				MARKETING_VERSION = 1.0;
				PRODUCT_BUNDLE_IDENTIFIER = "daftware.-your-project-name-Tests";
				PRODUCT_NAME = "$(TARGET_NAME)";
				SWIFT_EMIT_LOC_STRINGS = NO;
				SWIFT_VERSION = 5.0;
				TARGETED_DEVICE_FAMILY = "1,2";
				TEST_HOST = "$(BUILT_PRODUCTS_DIR)/<your project name>.app/<your project name>";
			};
			name = Release;
		};
		908EF284273FCD9100A5F66C /* Debug */ = {
			isa = XCBuildConfiguration;
			buildSettings = {
				ALWAYS_EMBED_SWIFT_STANDARD_LIBRARIES = YES;
				CODE_SIGN_STYLE = Automatic;
				CURRENT_PROJECT_VERSION = 1;
				DEVELOPMENT_TEAM = H4NW3RCM58;
				GENERATE_INFOPLIST_FILE = YES;
				LD_RUNPATH_SEARCH_PATHS = (
					"$(inherited)",
					"@executable_path/Frameworks",
					"@loader_path/Frameworks",
				);
				MARKETING_VERSION = 1.0;
				PRODUCT_BUNDLE_IDENTIFIER = "daftware.-your-project-name-UITests";
				PRODUCT_NAME = "$(TARGET_NAME)";
				SWIFT_EMIT_LOC_STRINGS = NO;
				SWIFT_VERSION = 5.0;
				TARGETED_DEVICE_FAMILY = "1,2";
				TEST_TARGET_NAME = "<your project name>";
			};
			name = Debug;
		};
		908EF285273FCD9100A5F66C /* Release */ = {
			isa = XCBuildConfiguration;
			buildSettings = {
				ALWAYS_EMBED_SWIFT_STANDARD_LIBRARIES = YES;
				CODE_SIGN_STYLE = Automatic;
				CURRENT_PROJECT_VERSION = 1;
				DEVELOPMENT_TEAM = H4NW3RCM58;
				GENERATE_INFOPLIST_FILE = YES;
				LD_RUNPATH_SEARCH_PATHS = (
					"$(inherited)",
					"@executable_path/Frameworks",
					"@loader_path/Frameworks",
				);
				MARKETING_VERSION = 1.0;
				PRODUCT_BUNDLE_IDENTIFIER = "daftware.-your-project-name-UITests";
				PRODUCT_NAME = "$(TARGET_NAME)";
				SWIFT_EMIT_LOC_STRINGS = NO;
				SWIFT_VERSION = 5.0;
				TARGETED_DEVICE_FAMILY = "1,2";
				TEST_TARGET_NAME = "<your project name>";
			};
			name = Release;
		};
/* End XCBuildConfiguration section */

/* Begin XCConfigurationList section */
		908EF254273FCD9000A5F66C /* Build configuration list for PBXProject "<your project name>" */ = {
			isa = XCConfigurationList;
			buildConfigurations = (
				908EF27B273FCD9100A5F66C /* Debug */,
				908EF27C273FCD9100A5F66C /* Release */,
			);
			defaultConfigurationIsVisible = 0;
			defaultConfigurationName = Release;
		};
		908EF27D273FCD9100A5F66C /* Build configuration list for PBXNativeTarget "<your project name>" */ = {
			isa = XCConfigurationList;
			buildConfigurations = (
				908EF27E273FCD9100A5F66C /* Debug */,
				908EF27F273FCD9100A5F66C /* Release */,
			);
			defaultConfigurationIsVisible = 0;
			defaultConfigurationName = Release;
		};
		908EF280273FCD9100A5F66C /* Build configuration list for PBXNativeTarget "<your project name>Tests" */ = {
			isa = XCConfigurationList;
			buildConfigurations = (
				908EF281273FCD9100A5F66C /* Debug */,
				908EF282273FCD9100A5F66C /* Release */,
			);
			defaultConfigurationIsVisible = 0;
			defaultConfigurationName = Release;
		};
		908EF283273FCD9100A5F66C /* Build configuration list for PBXNativeTarget "<your project name>UITests" */ = {
			isa = XCConfigurationList;
			buildConfigurations = (
				908EF284273FCD9100A5F66C /* Debug */,
				908EF285273FCD9100A5F66C /* Release */,
			);
			defaultConfigurationIsVisible = 0;
			defaultConfigurationName = Release;
		};
/* End XCConfigurationList section */
	};
	rootObject = 908EF251273FCD9000A5F66C /* Project object */;
}
